{
    "_readme": [
        "This file locks the dependencies of your project to a known state",
        "Read more about it at https://getcomposer.org/doc/01-basic-usage.md#installing-dependencies",
        "This file is @generated automatically"
    ],
    "content-hash": "b64c4e4287c40e1715f2b30f98fcaafa",
    "packages": [
        {
            "name": "mathjax/mathjax",
            "version": "2.7.1",
            "source": {
                "type": "git",
                "url": "https://github.com/mathjax/MathJax.git",
                "reference": "d71cc40666d213dceeb9353822a3b530656d9a4b"
            },
            "dist": {
                "type": "zip",
                "url": "https://api.github.com/repos/mathjax/MathJax/zipball/d71cc40666d213dceeb9353822a3b530656d9a4b",
                "reference": "d71cc40666d213dceeb9353822a3b530656d9a4b",
                "shasum": ""
            },
            "type": "library",
            "notification-url": "https://packagist.org/downloads/",
            "license": [
                "Apache-2.0"
            ],
            "authors": [
                {
                    "name": "MathJax Consortium",
                    "homepage": "https://github.com/mathjax"
                }
            ],
            "description": "MathJax is an open-source JavaScript display engine for LaTeX, MathML, and AsciiMath notation that works in all modern browsers.",
            "homepage": "http://www.mathjax.org/",
            "keywords": [
                "AsciiMath",
                "JS",
                "MathML",
                "latex",
                "math"
            ],
            "support": {
                "issues": "https://github.com/mathjax/MathJax/issues",
                "source": "https://github.com/mathjax/MathJax/tree/master"
            },
            "time": "2017-04-25T08:29:36+00:00"
        }
    ],
    "packages-dev": [],
    "aliases": [],
    "minimum-stability": "dev",
    "stability-flags": [],
    "prefer-stable": false,
    "prefer-lowest": false,
    "platform": {
        "ext-json": "*",
        "ext-zip": "*",
        "ext-mbstring": "*"
    },
    "platform-dev": [],
    "plugin-api-version": "2.0.0"
}
