
Microsoft Visual Studio Solution File, Format Version 12.00
# Visual Studio Version 17
VisualStudioVersion = 17.11.35222.181
MinimumVisualStudioVersion = 10.0.40219.1
Project("{8BC9CEB8-8B4A-11D0-8D11-00A0C91BC942}") = "run_with_timeout", "run_with_timeout.vcxproj", "{226D0F47-121D-406A-9639-B2C407E79678}"
EndProject
Global
	GlobalSection(SolutionConfigurationPlatforms) = preSolution
		Debug|x64 = Debug|x64
		Debug|x86 = Debug|x86
		Release|x64 = Release|x64
		Release|x86 = Release|x86
	EndGlobalSection
	GlobalSection(ProjectConfigurationPlatforms) = postSolution
		{226D0F47-121D-406A-9639-B2C407E79678}.Debug|x64.ActiveCfg = Debug|x64
		{226D0F47-121D-406A-9639-B2C407E79678}.Debug|x64.Build.0 = Debug|x64
		{226D0F47-121D-406A-9639-B2C407E79678}.Debug|x86.ActiveCfg = Debug|Win32
		{226D0F47-121D-406A-9639-B2C407E79678}.Debug|x86.Build.0 = Debug|Win32
		{226D0F47-121D-406A-9639-B2C407E79678}.Release|x64.ActiveCfg = Release|x64
		{226D0F47-121D-406A-9639-B2C407E79678}.Release|x64.Build.0 = Release|x64
		{226D0F47-121D-406A-9639-B2C407E79678}.Release|x86.ActiveCfg = Release|Win32
		{226D0F47-121D-406A-9639-B2C407E79678}.Release|x86.Build.0 = Release|Win32
	EndGlobalSection
	GlobalSection(SolutionProperties) = preSolution
		HideSolutionNode = FALSE
	EndGlobalSection
	GlobalSection(ExtensibilityGlobals) = postSolution
		SolutionGuid = {DE4F591A-9140-4538-AAA3-02233C731D45}
	EndGlobalSection
EndGlobal
